
Microsoft Visual Studio Solution File, Format Version 12.00
# Visual Studio Version 17
VisualStudioVersion = 17.9.34616.47
MinimumVisualStudioVersion = 10.0.40219.1
Project("{8BC9CEB8-8B4A-11D0-8D11-00A0C91BC942}") = "Main Game Menu", "Main Game Menu\Main Game Menu.vcxproj", "{EC10F764-D615-43F3-AD0B-CBADA2153CAE}"
EndProject
Global
	GlobalSection(SolutionConfigurationPlatforms) = preSolution
		Debug|x64 = Debug|x64
		Debug|x86 = Debug|x86
		Release|x64 = Release|x64
		Release|x86 = Release|x86
	EndGlobalSection
	GlobalSection(ProjectConfigurationPlatforms) = postSolution
		{EC10F764-D615-43F3-AD0B-CBADA2153CAE}.Debug|x64.ActiveCfg = Debug|x64
		{EC10F764-D615-43F3-AD0B-CBADA2153CAE}.Debug|x64.Build.0 = Debug|x64
		{EC10F764-D615-43F3-AD0B-CBADA2153CAE}.Debug|x86.ActiveCfg = Debug|Win32
		{EC10F764-D615-43F3-AD0B-CBADA2153CAE}.Debug|x86.Build.0 = Debug|Win32
		{EC10F764-D615-43F3-AD0B-CBADA2153CAE}.Release|x64.ActiveCfg = Release|x64
		{EC10F764-D615-43F3-AD0B-CBADA2153CAE}.Release|x64.Build.0 = Release|x64
		{EC10F764-D615-43F3-AD0B-CBADA2153CAE}.Release|x86.ActiveCfg = Release|Win32
		{EC10F764-D615-43F3-AD0B-CBADA2153CAE}.Release|x86.Build.0 = Release|Win32
	EndGlobalSection
	GlobalSection(SolutionProperties) = preSolution
		HideSolutionNode = FALSE
	EndGlobalSection
	GlobalSection(ExtensibilityGlobals) = postSolution
		SolutionGuid = {F83BBF4F-C139-461B-9287-7663BA7C41EC}
	EndGlobalSection
EndGlobal
